
Microsoft Visual Studio Solution File, Format Version 12.00
# Visual Studio Version 16
VisualStudioVersion = 16.0.30907.101
MinimumVisualStudioVersion = 10.0.40219.1
Project("{9A19103F-16F7-4668-BE54-9A1E7A4F7556}") = "Catalog.API", "Catalog.API\Catalog.API.csproj", "{FAACCE1F-58BD-4787-911A-F7E4ED2FFAD5}"
EndProject
Project("{9A19103F-16F7-4668-BE54-9A1E7A4F7556}") = "Catalog.API.UnitTests", "Catalog.API.UnitTests\Catalog.API.UnitTests.csproj", "{BA765ADD-B3C3-4BEE-B09D-51A5FBC047BC}"
EndProject
Project("{FAE04EC0-301F-11D3-BF4B-00C04F79EFBC}") = "CatalogAPI.IntegrationTests", "CatalogAPI.IntegrationTests\CatalogAPI.IntegrationTests.csproj", "{EE6D452A-E740-4F58-945C-B27AD5523F63}"
EndProject
Global
	GlobalSection(SolutionConfigurationPlatforms) = preSolution
		Debug|Any CPU = Debug|Any CPU
		Release|Any CPU = Release|Any CPU
	EndGlobalSection
	GlobalSection(ProjectConfigurationPlatforms) = postSolution
		{FAACCE1F-58BD-4787-911A-F7E4ED2FFAD5}.Debug|Any CPU.ActiveCfg = Debug|Any CPU
		{FAACCE1F-58BD-4787-911A-F7E4ED2FFAD5}.Debug|Any CPU.Build.0 = Debug|Any CPU
		{FAACCE1F-58BD-4787-911A-F7E4ED2FFAD5}.Release|Any CPU.ActiveCfg = Release|Any CPU
		{FAACCE1F-58BD-4787-911A-F7E4ED2FFAD5}.Release|Any CPU.Build.0 = Release|Any CPU
		{BA765ADD-B3C3-4BEE-B09D-51A5FBC047BC}.Debug|Any CPU.ActiveCfg = Debug|Any CPU
		{BA765ADD-B3C3-4BEE-B09D-51A5FBC047BC}.Debug|Any CPU.Build.0 = Debug|Any CPU
		{BA765ADD-B3C3-4BEE-B09D-51A5FBC047BC}.Release|Any CPU.ActiveCfg = Release|Any CPU
		{BA765ADD-B3C3-4BEE-B09D-51A5FBC047BC}.Release|Any CPU.Build.0 = Release|Any CPU
		{EE6D452A-E740-4F58-945C-B27AD5523F63}.Debug|Any CPU.ActiveCfg = Debug|Any CPU
		{EE6D452A-E740-4F58-945C-B27AD5523F63}.Debug|Any CPU.Build.0 = Debug|Any CPU
		{EE6D452A-E740-4F58-945C-B27AD5523F63}.Release|Any CPU.ActiveCfg = Release|Any CPU
		{EE6D452A-E740-4F58-945C-B27AD5523F63}.Release|Any CPU.Build.0 = Release|Any CPU
	EndGlobalSection
	GlobalSection(SolutionProperties) = preSolution
		HideSolutionNode = FALSE
	EndGlobalSection
	GlobalSection(ExtensibilityGlobals) = postSolution
		SolutionGuid = {3E1148AF-2EFA-4DAA-92E0-7281D3D546CA}
	EndGlobalSection
EndGlobal
